
Microsoft Visual Studio Solution File, Format Version 12.00
# Visual Studio Version 17
VisualStudioVersion = 17.5.33530.505
MinimumVisualStudioVersion = 10.0.40219.1
Project("{FAE04EC0-301F-11D3-BF4B-00C04F79EFBC}") = "AgenciaViajes_BE", "AgenciaViajes_BE\AgenciaViajes_BE.csproj", "{5209D14A-8E0B-4449-836B-D8E111AB2311}"
EndProject
Project("{FAE04EC0-301F-11D3-BF4B-00C04F79EFBC}") = "AgenciaViajes_ADO", "AgenciaViajes_ADO\AgenciaViajes_ADO.csproj", "{40979CF0-B615-4CF7-9D47-A9EE5B3BF787}"
EndProject
Project("{FAE04EC0-301F-11D3-BF4B-00C04F79EFBC}") = "AgenciaViajes_BL", "AgenciaViajes_BL\AgenciaViajes_BL.csproj", "{8E70E620-2AFB-43FC-A3A6-B3C15E5388A9}"
EndProject
Project("{FAE04EC0-301F-11D3-BF4B-00C04F79EFBC}") = "AgenciaViajes_GUI", "AgenciaViajes_GUI\AgenciaViajes_GUI.csproj", "{5385D829-4327-49D6-9B5D-16909E80C728}"
EndProject
Global
	GlobalSection(SolutionConfigurationPlatforms) = preSolution
		Debug|Any CPU = Debug|Any CPU
		Release|Any CPU = Release|Any CPU
	EndGlobalSection
	GlobalSection(ProjectConfigurationPlatforms) = postSolution
		{5209D14A-8E0B-4449-836B-D8E111AB2311}.Debug|Any CPU.ActiveCfg = Debug|Any CPU
		{5209D14A-8E0B-4449-836B-D8E111AB2311}.Debug|Any CPU.Build.0 = Debug|Any CPU
		{5209D14A-8E0B-4449-836B-D8E111AB2311}.Release|Any CPU.ActiveCfg = Release|Any CPU
		{5209D14A-8E0B-4449-836B-D8E111AB2311}.Release|Any CPU.Build.0 = Release|Any CPU
		{40979CF0-B615-4CF7-9D47-A9EE5B3BF787}.Debug|Any CPU.ActiveCfg = Debug|Any CPU
		{40979CF0-B615-4CF7-9D47-A9EE5B3BF787}.Debug|Any CPU.Build.0 = Debug|Any CPU
		{40979CF0-B615-4CF7-9D47-A9EE5B3BF787}.Release|Any CPU.ActiveCfg = Release|Any CPU
		{40979CF0-B615-4CF7-9D47-A9EE5B3BF787}.Release|Any CPU.Build.0 = Release|Any CPU
		{8E70E620-2AFB-43FC-A3A6-B3C15E5388A9}.Debug|Any CPU.ActiveCfg = Debug|Any CPU
		{8E70E620-2AFB-43FC-A3A6-B3C15E5388A9}.Debug|Any CPU.Build.0 = Debug|Any CPU
		{8E70E620-2AFB-43FC-A3A6-B3C15E5388A9}.Release|Any CPU.ActiveCfg = Release|Any CPU
		{8E70E620-2AFB-43FC-A3A6-B3C15E5388A9}.Release|Any CPU.Build.0 = Release|Any CPU
		{5385D829-4327-49D6-9B5D-16909E80C728}.Debug|Any CPU.ActiveCfg = Debug|Any CPU
		{5385D829-4327-49D6-9B5D-16909E80C728}.Debug|Any CPU.Build.0 = Debug|Any CPU
		{5385D829-4327-49D6-9B5D-16909E80C728}.Release|Any CPU.ActiveCfg = Release|Any CPU
		{5385D829-4327-49D6-9B5D-16909E80C728}.Release|Any CPU.Build.0 = Release|Any CPU
	EndGlobalSection
	GlobalSection(SolutionProperties) = preSolution
		HideSolutionNode = FALSE
	EndGlobalSection
	GlobalSection(ExtensibilityGlobals) = postSolution
		SolutionGuid = {52A50470-8588-4F62-A752-CD459304E90C}
	EndGlobalSection
EndGlobal
